// !$*UTF8*$!
{
	archiveVersion = 1;
	classes = {
	};
	objectVersion = 50;
	objects = {

/* Begin PBXBuildFile section */
		E8BD3A9424C0F32F00291D1C /* Mylib.h in Headers */ = {isa = PBXBuildFile; fileRef = E8BD3A9224C0F32F00291D1C /* Mylib.h */; settings = {ATTRIBUTES = (Public, ); }; };
		E8BD3A9B24C0F3AF00291D1C /* Mylib.swift in Sources */ = {isa = PBXBuildFile; fileRef = E8BD3A9A24C0F3AF00291D1C /* Mylib.swift */; };
		E8BD3AE324C0F5EF00291D1C /* AppDelegate.swift in Sources */ = {isa = PBXBuildFile; fileRef = E8BD3AE224C0F5EF00291D1C /* AppDelegate.swift */; };
		E8BD3AE524C0F5EF00291D1C /* SceneDelegate.swift in Sources */ = {isa = PBXBuildFile; fileRef = E8BD3AE424C0F5EF00291D1C /* SceneDelegate.swift */; };
		E8BD3AE724C0F5EF00291D1C /* ViewController.swift in Sources */ = {isa = PBXBuildFile; fileRef = E8BD3AE624C0F5EF00291D1C /* ViewController.swift */; };
		E8BD3AEA24C0F5EF00291D1C /* Main.storyboard in Resources */ = {isa = PBXBuildFile; fileRef = E8BD3AE824C0F5EF00291D1C /* Main.storyboard */; };
		E8BD3AEC24C0F5F100291D1C /* Assets.xcassets in Resources */ = {isa = PBXBuildFile; fileRef = E8BD3AEB24C0F5F100291D1C /* Assets.xcassets */; };
		E8BD3AEF24C0F5F100291D1C /* LaunchScreen.storyboard in Resources */ = {isa = PBXBuildFile; fileRef = E8BD3AED24C0F5F100291D1C /* LaunchScreen.storyboard */; };
		E8BD3AFA24C0F97D00291D1C /* Mylib.framework in Frameworks */ = {isa = PBXBuildFile; fileRef = E8BD3A8F24C0F32F00291D1C /* Mylib.framework */; };
		E8BD3AFB24C0F97D00291D1C /* Mylib.framework in Embed Frameworks */ = {isa = PBXBuildFile; fileRef = E8BD3A8F24C0F32F00291D1C /* Mylib.framework */; settings = {ATTRIBUTES = (CodeSignOnCopy, RemoveHeadersOnCopy, ); }; };
/* End PBXBuildFile section */

/* Begin PBXContainerItemProxy section */
		E8BD3AFC24C0F97D00291D1C /* PBXContainerItemProxy */ = {
			isa = PBXContainerItemProxy;
			containerPortal = E8BD3A8624C0F32F00291D1C /* Project object */;
			proxyType = 1;
			remoteGlobalIDString = E8BD3A8E24C0F32F00291D1C;
			remoteInfo = Mylib;
		};
/* End PBXContainerItemProxy section */

/* Begin PBXCopyFilesBuildPhase section */
		E8BD3AFE24C0F97D00291D1C /* Embed Frameworks */ = {
			isa = PBXCopyFilesBuildPhase;
			buildActionMask = 2147483647;
			dstPath = "";
			dstSubfolderSpec = 10;
			files = (
				E8BD3AFB24C0F97D00291D1C /* Mylib.framework in Embed Frameworks */,
			);
			name = "Embed Frameworks";
			runOnlyForDeploymentPostprocessing = 0;
		};
/* End PBXCopyFilesBuildPhase section */

/* Begin PBXFileReference section */
		E8BD3A8F24C0F32F00291D1C /* Mylib.framework */ = {isa = PBXFileReference; explicitFileType = wrapper.framework; includeInIndex = 0; path = Mylib.framework; sourceTree = BUILT_PRODUCTS_DIR; };
		E8BD3A9224C0F32F00291D1C /* Mylib.h */ = {isa = PBXFileReference; lastKnownFileType = sourcecode.c.h; path = Mylib.h; sourceTree = "<group>"; };
		E8BD3A9324C0F32F00291D1C /* Info.plist */ = {isa = PBXFileReference; lastKnownFileType = text.plist.xml; path = Info.plist; sourceTree = "<group>"; };
		E8BD3A9A24C0F3AF00291D1C /* Mylib.swift */ = {isa = PBXFileReference; lastKnownFileType = sourcecode.swift; path = Mylib.swift; sourceTree = "<group>"; };
		E8BD3AE024C0F5EF00291D1C /* Demo.app */ = {isa = PBXFileReference; explicitFileType = wrapper.application; includeInIndex = 0; path = Demo.app; sourceTree = BUILT_PRODUCTS_DIR; };
		E8BD3AE224C0F5EF00291D1C /* AppDelegate.swift */ = {isa = PBXFileReference; lastKnownFileType = sourcecode.swift; path = AppDelegate.swift; sourceTree = "<group>"; };
		E8BD3AE424C0F5EF00291D1C /* SceneDelegate.swift */ = {isa = PBXFileReference; lastKnownFileType = sourcecode.swift; path = SceneDelegate.swift; sourceTree = "<group>"; };
		E8BD3AE624C0F5EF00291D1C /* ViewController.swift */ = {isa = PBXFileReference; lastKnownFileType = sourcecode.swift; path = ViewController.swift; sourceTree = "<group>"; };
		E8BD3AE924C0F5EF00291D1C /* Base */ = {isa = PBXFileReference; lastKnownFileType = file.storyboard; name = Base; path = Base.lproj/Main.storyboard; sourceTree = "<group>"; };
		E8BD3AEB24C0F5F100291D1C /* Assets.xcassets */ = {isa = PBXFileReference; lastKnownFileType = folder.assetcatalog; path = Assets.xcassets; sourceTree = "<group>"; };
		E8BD3AEE24C0F5F100291D1C /* Base */ = {isa = PBXFileReference; lastKnownFileType = file.storyboard; name = Base; path = Base.lproj/LaunchScreen.storyboard; sourceTree = "<group>"; };
		E8BD3AF024C0F5F100291D1C /* Info.plist */ = {isa = PBXFileReference; lastKnownFileType = text.plist.xml; path = Info.plist; sourceTree = "<group>"; };
/* End PBXFileReference section */

/* Begin PBXFrameworksBuildPhase section */
		E8BD3A8C24C0F32F00291D1C /* Frameworks */ = {
			isa = PBXFrameworksBuildPhase;
			buildActionMask = 2147483647;
			files = (
			);
			runOnlyForDeploymentPostprocessing = 0;
		};
		E8BD3ADD24C0F5EF00291D1C /* Frameworks */ = {
			isa = PBXFrameworksBuildPhase;
			buildActionMask = 2147483647;
			files = (
				E8BD3AFA24C0F97D00291D1C /* Mylib.framework in Frameworks */,
			);
			runOnlyForDeploymentPostprocessing = 0;
		};
/* End PBXFrameworksBuildPhase section */

/* Begin PBXGroup section */
		E8BD3A8524C0F32F00291D1C = {
			isa = PBXGroup;
			children = (
				E8BD3A9124C0F32F00291D1C /* Mylib */,
				E8BD3AE124C0F5EF00291D1C /* Demo */,
				E8BD3A9024C0F32F00291D1C /* Products */,
				E8BD3AF424C0F6F600291D1C /* Frameworks */,
			);
			sourceTree = "<group>";
		};
		E8BD3A9024C0F32F00291D1C /* Products */ = {
			isa = PBXGroup;
			children = (
				E8BD3A8F24C0F32F00291D1C /* Mylib.framework */,
				E8BD3AE024C0F5EF00291D1C /* Demo.app */,
			);
			name = Products;
			sourceTree = "<group>";
		};
		E8BD3A9124C0F32F00291D1C /* Mylib */ = {
			isa = PBXGroup;
			children = (
				E8BD3A9224C0F32F00291D1C /* Mylib.h */,
				E8BD3A9324C0F32F00291D1C /* Info.plist */,
				E8BD3A9A24C0F3AF00291D1C /* Mylib.swift */,
			);
			path = Mylib;
			sourceTree = "<group>";
		};
		E8BD3AE124C0F5EF00291D1C /* Demo */ = {
			isa = PBXGroup;
			children = (
				E8BD3AE224C0F5EF00291D1C /* AppDelegate.swift */,
				E8BD3AE424C0F5EF00291D1C /* SceneDelegate.swift */,
				E8BD3AE624C0F5EF00291D1C /* ViewController.swift */,
				E8BD3AE824C0F5EF00291D1C /* Main.storyboard */,
				E8BD3AEB24C0F5F100291D1C /* Assets.xcassets */,
				E8BD3AED24C0F5F100291D1C /* LaunchScreen.storyboard */,
				E8BD3AF024C0F5F100291D1C /* Info.plist */,
			);
			path = Demo;
			sourceTree = "<group>";
		};
		E8BD3AF424C0F6F600291D1C /* Frameworks */ = {
			isa = PBXGroup;
			children = (
			);
			name = Frameworks;
			sourceTree = "<group>";
		};
/* End PBXGroup section */

/* Begin PBXHeadersBuildPhase section */
		E8BD3A8A24C0F32F00291D1C /* Headers */ = {
			isa = PBXHeadersBuildPhase;
			buildActionMask = 2147483647;
			files = (
				E8BD3A9424C0F32F00291D1C /* Mylib.h in Headers */,
			);
			runOnlyForDeploymentPostprocessing = 0;
		};
/* End PBXHeadersBuildPhase section */

/* Begin PBXNativeTarget section */
		E8BD3A8E24C0F32F00291D1C /* Mylib */ = {
			isa = PBXNativeTarget;
			buildConfigurationList = E8BD3A9724C0F32F00291D1C /* Build configuration list for PBXNativeTarget "Mylib" */;
			buildPhases = (
				E8BD3A8A24C0F32F00291D1C /* Headers */,
				E8BD3A8B24C0F32F00291D1C /* Sources */,
				E8BD3A8C24C0F32F00291D1C /* Frameworks */,
				E8BD3A8D24C0F32F00291D1C /* Resources */,
			);
			buildRules = (
			);
			dependencies = (
			);
			name = Mylib;
			productName = Mylib;
			productReference = E8BD3A8F24C0F32F00291D1C /* Mylib.framework */;
			productType = "com.apple.product-type.framework";
		};
		E8BD3ADF24C0F5EF00291D1C /* Demo */ = {
			isa = PBXNativeTarget;
			buildConfigurationList = E8BD3AF324C0F5F100291D1C /* Build configuration list for PBXNativeTarget "Demo" */;
			buildPhases = (
				E8BD3ADC24C0F5EF00291D1C /* Sources */,
				E8BD3ADD24C0F5EF00291D1C /* Frameworks */,
				E8BD3ADE24C0F5EF00291D1C /* Resources */,
				E8BD3AFE24C0F97D00291D1C /* Embed Frameworks */,
			);
			buildRules = (
			);
			dependencies = (
				E8BD3AFD24C0F97D00291D1C /* PBXTargetDependency */,
			);
			name = Demo;
			productName = Demo;
			productReference = E8BD3AE024C0F5EF00291D1C /* Demo.app */;
			productType = "com.apple.product-type.application";
		};
/* End PBXNativeTarget section */

/* Begin PBXProject section */
		E8BD3A8624C0F32F00291D1C /* Project object */ = {
			isa = PBXProject;
			attributes = {
				LastSwiftUpdateCheck = 1130;
				LastUpgradeCheck = 1130;
				ORGANIZATIONNAME = Motto;
				TargetAttributes = {
					E8BD3A8E24C0F32F00291D1C = {
						CreatedOnToolsVersion = 11.3.1;
						LastSwiftMigration = 1130;
					};
					E8BD3ADF24C0F5EF00291D1C = {
						CreatedOnToolsVersion = 11.3.1;
					};
				};
			};
			buildConfigurationList = E8BD3A8924C0F32F00291D1C /* Build configuration list for PBXProject "Mylib" */;
			compatibilityVersion = "Xcode 9.3";
			developmentRegion = en;
			hasScannedForEncodings = 0;
			knownRegions = (
				en,
				Base,
			);
			mainGroup = E8BD3A8524C0F32F00291D1C;
			productRefGroup = E8BD3A9024C0F32F00291D1C /* Products */;
			projectDirPath = "";
			projectRoot = "";
			targets = (
				E8BD3A8E24C0F32F00291D1C /* Mylib */,
				E8BD3ADF24C0F5EF00291D1C /* Demo */,
			);
		};
/* End PBXProject section */

/* Begin PBXResourcesBuildPhase section */
		E8BD3A8D24C0F32F00291D1C /* Resources */ = {
			isa = PBXResourcesBuildPhase;
			buildActionMask = 2147483647;
			files = (
			);
			runOnlyForDeploymentPostprocessing = 0;
		};
		E8BD3ADE24C0F5EF00291D1C /* Resources */ = {
			isa = PBXResourcesBuildPhase;
			buildActionMask = 2147483647;
			files = (
				E8BD3AEF24C0F5F100291D1C /* LaunchScreen.storyboard in Resources */,
				E8BD3AEC24C0F5F100291D1C /* Assets.xcassets in Resources */,
				E8BD3AEA24C0F5EF00291D1C /* Main.storyboard in Resources */,
			);
			runOnlyForDeploymentPostprocessing = 0;
		};
/* End PBXResourcesBuildPhase section */

/* Begin PBXSourcesBuildPhase section */
		E8BD3A8B24C0F32F00291D1C /* Sources */ = {
			isa = PBXSourcesBuildPhase;
			buildActionMask = 2147483647;
			files = (
				E8BD3A9B24C0F3AF00291D1C /* Mylib.swift in Sources */,
			);
			runOnlyForDeploymentPostprocessing = 0;
		};
		E8BD3ADC24C0F5EF00291D1C /* Sources */ = {
			isa = PBXSourcesBuildPhase;
			buildActionMask = 2147483647;
			files = (
				E8BD3AE724C0F5EF00291D1C /* ViewController.swift in Sources */,
				E8BD3AE324C0F5EF00291D1C /* AppDelegate.swift in Sources */,
				E8BD3AE524C0F5EF00291D1C /* SceneDelegate.swift in Sources */,
			);
			runOnlyForDeploymentPostprocessing = 0;
		};
/* End PBXSourcesBuildPhase section */

/* Begin PBXTargetDependency section */
		E8BD3AFD24C0F97D00291D1C /* PBXTargetDependency */ = {
			isa = PBXTargetDependency;
			target = E8BD3A8E24C0F32F00291D1C /* Mylib */;
			targetProxy = E8BD3AFC24C0F97D00291D1C /* PBXContainerItemProxy */;
		};
/* End PBXTargetDependency section */

/* Begin PBXVariantGroup section */
		E8BD3AE824C0F5EF00291D1C /* Main.storyboard */ = {
			isa = PBXVariantGroup;
			children = (
				E8BD3AE924C0F5EF00291D1C /* Base */,
			);
			name = Main.storyboard;
			sourceTree = "<group>";
		};
		E8BD3AED24C0F5F100291D1C /* LaunchScreen.storyboard */ = {
			isa = PBXVariantGroup;
			children = (
				E8BD3AEE24C0F5F100291D1C /* Base */,
			);
			name = LaunchScreen.storyboard;
			sourceTree = "<group>";
		};
/* End PBXVariantGroup section */

/* Begin XCBuildConfiguration section */
		E8BD3A9524C0F32F00291D1C /* Debug */ = {
			isa = XCBuildConfiguration;
			buildSettings = {
				ALWAYS_SEARCH_USER_PATHS = NO;
				CLANG_ANALYZER_NONNULL = YES;
				CLANG_ANALYZER_NUMBER_OBJECT_CONVERSION = YES_AGGRESSIVE;
				CLANG_CXX_LANGUAGE_STANDARD = "gnu++14";
				CLANG_CXX_LIBRARY = "libc++";
				CLANG_ENABLE_MODULES = YES;
				CLANG_ENABLE_OBJC_ARC = YES;
				CLANG_ENABLE_OBJC_WEAK = YES;
				CLANG_WARN_BLOCK_CAPTURE_AUTORELEASING = YES;
				CLANG_WARN_BOOL_CONVERSION = YES;
				CLANG_WARN_COMMA = YES;
				CLANG_WARN_CONSTANT_CONVERSION = YES;
				CLANG_WARN_DEPRECATED_OBJC_IMPLEMENTATIONS = YES;
				CLANG_WARN_DIRECT_OBJC_ISA_USAGE = YES_ERROR;
				CLANG_WARN_DOCUMENTATION_COMMENTS = YES;
				CLANG_WARN_EMPTY_BODY = YES;
				CLANG_WARN_ENUM_CONVERSION = YES;
				CLANG_WARN_INFINITE_RECURSION = YES;
				CLANG_WARN_INT_CONVERSION = YES;
				CLANG_WARN_NON_LITERAL_NULL_CONVERSION = YES;
				CLANG_WARN_OBJC_IMPLICIT_RETAIN_SELF = YES;
				CLANG_WARN_OBJC_LITERAL_CONVERSION = YES;
				CLANG_WARN_OBJC_ROOT_CLASS = YES_ERROR;
				CLANG_WARN_RANGE_LOOP_ANALYSIS = YES;
				CLANG_WARN_STRICT_PROTOTYPES = YES;
				CLANG_WARN_SUSPICIOUS_MOVE = YES;
				CLANG_WARN_UNGUARDED_AVAILABILITY = YES_AGGRESSIVE;
				CLANG_WARN_UNREACHABLE_CODE = YES;
				CLANG_WARN__DUPLICATE_METHOD_MATCH = YES;
				COPY_PHASE_STRIP = NO;
				CURRENT_PROJECT_VERSION = 1;
				DEBUG_INFORMATION_FORMAT = dwarf;
				ENABLE_STRICT_OBJC_MSGSEND = YES;
				ENABLE_TESTABILITY = YES;
				GCC_C_LANGUAGE_STANDARD = gnu11;
				GCC_DYNAMIC_NO_PIC = NO;
				GCC_NO_COMMON_BLOCKS = YES;
				GCC_OPTIMIZATION_LEVEL = 0;
				GCC_PREPROCESSOR_DEFINITIONS = (
					"DEBUG=1",
					"$(inherited)",
				);
				GCC_WARN_64_TO_32_BIT_CONVERSION = YES;
				GCC_WARN_ABOUT_RETURN_TYPE = YES_ERROR;
				GCC_WARN_UNDECLARED_SELECTOR = YES;
				GCC_WARN_UNINITIALIZED_AUTOS = YES_AGGRESSIVE;
				GCC_WARN_UNUSED_FUNCTION = YES;
				GCC_WARN_UNUSED_VARIABLE = YES;
				IPHONEOS_DEPLOYMENT_TARGET = 13.2;
				MTL_ENABLE_DEBUG_INFO = INCLUDE_SOURCE;
				MTL_FAST_MATH = YES;
				ONLY_ACTIVE_ARCH = YES;
				SDKROOT = iphoneos;
				SWIFT_ACTIVE_COMPILATION_CONDITIONS = DEBUG;
				SWIFT_OPTIMIZATION_LEVEL = "-Onone";
				VERSIONING_SYSTEM = "apple-generic";
				VERSION_INFO_PREFIX = "";
			};
			name = Debug;
		};
		E8BD3A9624C0F32F00291D1C /* Release */ = {
			isa = XCBuildConfiguration;
			buildSettings = {
				ALWAYS_SEARCH_USER_PATHS = NO;
				CLANG_ANALYZER_NONNULL = YES;
				CLANG_ANALYZER_NUMBER_OBJECT_CONVERSION = YES_AGGRESSIVE;
				CLANG_CXX_LANGUAGE_STANDARD = "gnu++14";
				CLANG_CXX_LIBRARY = "libc++";
				CLANG_ENABLE_MODULES = YES;
				CLANG_ENABLE_OBJC_ARC = YES;
				CLANG_ENABLE_OBJC_WEAK = YES;
				CLANG_WARN_BLOCK_CAPTURE_AUTORELEASING = YES;
				CLANG_WARN_BOOL_CONVERSION = YES;
				CLANG_WARN_COMMA = YES;
				CLANG_WARN_CONSTANT_CONVERSION = YES;
				CLANG_WARN_DEPRECATED_OBJC_IMPLEMENTATIONS = YES;
				CLANG_WARN_DIRECT_OBJC_ISA_USAGE = YES_ERROR;
				CLANG_WARN_DOCUMENTATION_COMMENTS = YES;
				CLANG_WARN_EMPTY_BODY = YES;
				CLANG_WARN_ENUM_CONVERSION = YES;
				CLANG_WARN_INFINITE_RECURSION = YES;
				CLANG_WARN_INT_CONVERSION = YES;
				CLANG_WARN_NON_LITERAL_NULL_CONVERSION = YES;
				CLANG_WARN_OBJC_IMPLICIT_RETAIN_SELF = YES;
				CLANG_WARN_OBJC_LITERAL_CONVERSION = YES;
				CLANG_WARN_OBJC_ROOT_CLASS = YES_ERROR;
				CLANG_WARN_RANGE_LOOP_ANALYSIS = YES;
				CLANG_WARN_STRICT_PROTOTYPES = YES;
				CLANG_WARN_SUSPICIOUS_MOVE = YES;
				CLANG_WARN_UNGUARDED_AVAILABILITY = YES_AGGRESSIVE;
				CLANG_WARN_UNREACHABLE_CODE = YES;
				CLANG_WARN__DUPLICATE_METHOD_MATCH = YES;
				COPY_PHASE_STRIP = NO;
				CURRENT_PROJECT_VERSION = 1;
				DEBUG_INFORMATION_FORMAT = "dwarf-with-dsym";
				ENABLE_NS_ASSERTIONS = NO;
				ENABLE_STRICT_OBJC_MSGSEND = YES;
				GCC_C_LANGUAGE_STANDARD = gnu11;
				GCC_NO_COMMON_BLOCKS = YES;
				GCC_WARN_64_TO_32_BIT_CONVERSION = YES;
				GCC_WARN_ABOUT_RETURN_TYPE = YES_ERROR;
				GCC_WARN_UNDECLARED_SELECTOR = YES;
				GCC_WARN_UNINITIALIZED_AUTOS = YES_AGGRESSIVE;
				GCC_WARN_UNUSED_FUNCTION = YES;
				GCC_WARN_UNUSED_VARIABLE = YES;
				IPHONEOS_DEPLOYMENT_TARGET = 13.2;
				MTL_ENABLE_DEBUG_INFO = NO;
				MTL_FAST_MATH = YES;
				SDKROOT = iphoneos;
				SWIFT_COMPILATION_MODE = wholemodule;
				SWIFT_OPTIMIZATION_LEVEL = "-O";
				VALIDATE_PRODUCT = YES;
				VERSIONING_SYSTEM = "apple-generic";
				VERSION_INFO_PREFIX = "";
			};
			name = Release;
		};
		E8BD3A9824C0F32F00291D1C /* Debug */ = {
			isa = XCBuildConfiguration;
			buildSettings = {
				CLANG_ENABLE_MODULES = YES;
				CODE_SIGN_STYLE = Automatic;
				DEFINES_MODULE = YES;
				DYLIB_COMPATIBILITY_VERSION = 1;
				DYLIB_CURRENT_VERSION = 1;
				DYLIB_INSTALL_NAME_BASE = "@rpath";
				INFOPLIST_FILE = Mylib/Info.plist;
				INSTALL_PATH = "$(LOCAL_LIBRARY_DIR)/Frameworks";
				LD_RUNPATH_SEARCH_PATHS = (
					"$(inherited)",
					"@executable_path/Frameworks",
					"@loader_path/Frameworks",
				);
				PRODUCT_BUNDLE_IDENTIFIER = com.purelabo.Mylib;
				PRODUCT_NAME = "$(TARGET_NAME:c99extidentifier)";
				SKIP_INSTALL = YES;
				SWIFT_OPTIMIZATION_LEVEL = "-Onone";
				SWIFT_VERSION = 5.0;
				TARGETED_DEVICE_FAMILY = "1,2";
			};
			name = Debug;
		};
		E8BD3A9924C0F32F00291D1C /* Release */ = {
			isa = XCBuildConfiguration;
			buildSettings = {
				CLANG_ENABLE_MODULES = YES;
				CODE_SIGN_STYLE = Automatic;
				DEFINES_MODULE = YES;
				DYLIB_COMPATIBILITY_VERSION = 1;
				DYLIB_CURRENT_VERSION = 1;
				DYLIB_INSTALL_NAME_BASE = "@rpath";
				INFOPLIST_FILE = Mylib/Info.plist;
				INSTALL_PATH = "$(LOCAL_LIBRARY_DIR)/Frameworks";
				LD_RUNPATH_SEARCH_PATHS = (
					"$(inherited)",
					"@executable_path/Frameworks",
					"@loader_path/Frameworks",
				);
				PRODUCT_BUNDLE_IDENTIFIER = com.purelabo.Mylib;
				PRODUCT_NAME = "$(TARGET_NAME:c99extidentifier)";
				SKIP_INSTALL = YES;
				SWIFT_VERSION = 5.0;
				TARGETED_DEVICE_FAMILY = "1,2";
			};
			name = Release;
		};
		E8BD3AF124C0F5F100291D1C /* Debug */ = {
			isa = XCBuildConfiguration;
			buildSettings = {
				ASSETCATALOG_COMPILER_APPICON_NAME = AppIcon;
				CODE_SIGN_STYLE = Automatic;
				DEVELOPMENT_ASSET_PATHS = "";
				INFOPLIST_FILE = Demo/Info.plist;
				LD_RUNPATH_SEARCH_PATHS = (
					"$(inherited)",
					"@executable_path/Frameworks",
				);
				PRODUCT_BUNDLE_IDENTIFIER = com.purelabo.Demo;
				PRODUCT_NAME = "$(TARGET_NAME)";
				REEXPORTED_FRAMEWORK_NAMES = "";
				SWIFT_VERSION = 5.0;
				TARGETED_DEVICE_FAMILY = "1,2";
			};
			name = Debug;
		};
		E8BD3AF224C0F5F100291D1C /* Release */ = {
			isa = XCBuildConfiguration;
			buildSettings = {
				ASSETCATALOG_COMPILER_APPICON_NAME = AppIcon;
				CODE_SIGN_STYLE = Automatic;
				DEVELOPMENT_ASSET_PATHS = "";
				INFOPLIST_FILE = Demo/Info.plist;
				LD_RUNPATH_SEARCH_PATHS = (
					"$(inherited)",
					"@executable_path/Frameworks",
				);
				PRODUCT_BUNDLE_IDENTIFIER = com.purelabo.Demo;
				PRODUCT_NAME = "$(TARGET_NAME)";
				REEXPORTED_FRAMEWORK_NAMES = "";
				SWIFT_VERSION = 5.0;
				TARGETED_DEVICE_FAMILY = "1,2";
			};
			name = Release;
		};
/* End XCBuildConfiguration section */

/* Begin XCConfigurationList section */
		E8BD3A8924C0F32F00291D1C /* Build configuration list for PBXProject "Mylib" */ = {
			isa = XCConfigurationList;
			buildConfigurations = (
				E8BD3A9524C0F32F00291D1C /* Debug */,
				E8BD3A9624C0F32F00291D1C /* Release */,
			);
			defaultConfigurationIsVisible = 0;
			defaultConfigurationName = Release;
		};
		E8BD3A9724C0F32F00291D1C /* Build configuration list for PBXNativeTarget "Mylib" */ = {
			isa = XCConfigurationList;
			buildConfigurations = (
				E8BD3A9824C0F32F00291D1C /* Debug */,
				E8BD3A9924C0F32F00291D1C /* Release */,
			);
			defaultConfigurationIsVisible = 0;
			defaultConfigurationName = Release;
		};
		E8BD3AF324C0F5F100291D1C /* Build configuration list for PBXNativeTarget "Demo" */ = {
			isa = XCConfigurationList;
			buildConfigurations = (
				E8BD3AF124C0F5F100291D1C /* Debug */,
				E8BD3AF224C0F5F100291D1C /* Release */,
			);
			defaultConfigurationIsVisible = 0;
			defaultConfigurationName = Release;
		};
/* End XCConfigurationList section */
	};
	rootObject = E8BD3A8624C0F32F00291D1C /* Project object */;
}
